// !$*UTF8*$!
{
	archiveVersion = 1;
	classes = {
	};
	objectVersion = 46;
	objects = {

/* Begin PBXBuildFile section */
		088F1ACA1D5D31E900934695 /* BookTableViewController.swift in Sources */ = {isa = PBXBuildFile; fileRef = 088F1AC91D5D31E900934695 /* BookTableViewController.swift */; };
		08EC66611D5ADCB800AB5FB8 /* AppDelegate.swift in Sources */ = {isa = PBXBuildFile; fileRef = 08EC66601D5ADCB800AB5FB8 /* AppDelegate.swift */; };
		08EC66631D5ADCB800AB5FB8 /* ViewController.swift in Sources */ = {isa = PBXBuildFile; fileRef = 08EC66621D5ADCB800AB5FB8 /* ViewController.swift */; };
		08EC66661D5ADCB800AB5FB8 /* Main.storyboard in Resources */ = {isa = PBXBuildFile; fileRef = 08EC66641D5ADCB800AB5FB8 /* Main.storyboard */; };
		08EC66681D5ADCB800AB5FB8 /* Assets.xcassets in Resources */ = {isa = PBXBuildFile; fileRef = 08EC66671D5ADCB800AB5FB8 /* Assets.xcassets */; };
		08EC666B1D5ADCB900AB5FB8 /* LaunchScreen.storyboard in Resources */ = {isa = PBXBuildFile; fileRef = 08EC66691D5ADCB900AB5FB8 /* LaunchScreen.storyboard */; };
		08F0535E1D5C38CA003BB6A7 /* Buku.swift in Sources */ = {isa = PBXBuildFile; fileRef = 08F0535D1D5C38CA003BB6A7 /* Buku.swift */; };
		08F053601D5C3B21003BB6A7 /* BookTableViewCell.swift in Sources */ = {isa = PBXBuildFile; fileRef = 08F0535F1D5C3B21003BB6A7 /* BookTableViewCell.swift */; };
		34F777B879761A1C8ABF40E2 /* Pods_Bookz.framework in Frameworks */ = {isa = PBXBuildFile; fileRef = 5546D6490C68914B586546F5 /* Pods_Bookz.framework */; };
/* End PBXBuildFile section */

/* Begin PBXFileReference section */
		088F1AC91D5D31E900934695 /* BookTableViewController.swift */ = {isa = PBXFileReference; fileEncoding = 4; lastKnownFileType = sourcecode.swift; path = BookTableViewController.swift; sourceTree = "<group>"; };
		08EC665D1D5ADCB800AB5FB8 /* Bookz.app */ = {isa = PBXFileReference; explicitFileType = wrapper.application; includeInIndex = 0; path = Bookz.app; sourceTree = BUILT_PRODUCTS_DIR; };
		08EC66601D5ADCB800AB5FB8 /* AppDelegate.swift */ = {isa = PBXFileReference; lastKnownFileType = sourcecode.swift; path = AppDelegate.swift; sourceTree = "<group>"; };
		08EC66621D5ADCB800AB5FB8 /* ViewController.swift */ = {isa = PBXFileReference; lastKnownFileType = sourcecode.swift; path = ViewController.swift; sourceTree = "<group>"; };
		08EC66651D5ADCB800AB5FB8 /* Base */ = {isa = PBXFileReference; lastKnownFileType = file.storyboard; name = Base; path = Base.lproj/Main.storyboard; sourceTree = "<group>"; };
		08EC66671D5ADCB800AB5FB8 /* Assets.xcassets */ = {isa = PBXFileReference; lastKnownFileType = folder.assetcatalog; path = Assets.xcassets; sourceTree = "<group>"; };
		08EC666A1D5ADCB900AB5FB8 /* Base */ = {isa = PBXFileReference; lastKnownFileType = file.storyboard; name = Base; path = Base.lproj/LaunchScreen.storyboard; sourceTree = "<group>"; };
		08EC666C1D5ADCB900AB5FB8 /* Info.plist */ = {isa = PBXFileReference; lastKnownFileType = text.plist.xml; path = Info.plist; sourceTree = "<group>"; };
		08F0535D1D5C38CA003BB6A7 /* Buku.swift */ = {isa = PBXFileReference; fileEncoding = 4; lastKnownFileType = sourcecode.swift; path = Buku.swift; sourceTree = "<group>"; };
		08F0535F1D5C3B21003BB6A7 /* BookTableViewCell.swift */ = {isa = PBXFileReference; fileEncoding = 4; lastKnownFileType = sourcecode.swift; path = BookTableViewCell.swift; sourceTree = "<group>"; };
		5546D6490C68914B586546F5 /* Pods_Bookz.framework */ = {isa = PBXFileReference; explicitFileType = wrapper.framework; includeInIndex = 0; path = Pods_Bookz.framework; sourceTree = BUILT_PRODUCTS_DIR; };
		B68EAEDE097E16BB0D1CF315 /* Pods-Bookz.release.xcconfig */ = {isa = PBXFileReference; includeInIndex = 1; lastKnownFileType = text.xcconfig; name = "Pods-Bookz.release.xcconfig"; path = "Pods/Target Support Files/Pods-Bookz/Pods-Bookz.release.xcconfig"; sourceTree = "<group>"; };
		F47619823D12CA64AB007B82 /* Pods-Bookz.debug.xcconfig */ = {isa = PBXFileReference; includeInIndex = 1; lastKnownFileType = text.xcconfig; name = "Pods-Bookz.debug.xcconfig"; path = "Pods/Target Support Files/Pods-Bookz/Pods-Bookz.debug.xcconfig"; sourceTree = "<group>"; };
/* End PBXFileReference section */

/* Begin PBXFrameworksBuildPhase section */
		08EC665A1D5ADCB800AB5FB8 /* Frameworks */ = {
			isa = PBXFrameworksBuildPhase;
			buildActionMask = 2147483647;
			files = (
				34F777B879761A1C8ABF40E2 /* Pods_Bookz.framework in Frameworks */,
			);
			runOnlyForDeploymentPostprocessing = 0;
		};
/* End PBXFrameworksBuildPhase section */

/* Begin PBXGroup section */
		08EC66541D5ADCB800AB5FB8 = {
			isa = PBXGroup;
			children = (
				08EC665F1D5ADCB800AB5FB8 /* Bookz */,
				08EC665E1D5ADCB800AB5FB8 /* Products */,
				F54F4829D7D9CBE9DA0126AD /* Pods */,
				E26FA812B1C2AA5953864AD6 /* Frameworks */,
			);
			sourceTree = "<group>";
		};
		08EC665E1D5ADCB800AB5FB8 /* Products */ = {
			isa = PBXGroup;
			children = (
				08EC665D1D5ADCB800AB5FB8 /* Bookz.app */,
			);
			name = Products;
			sourceTree = "<group>";
		};
		08EC665F1D5ADCB800AB5FB8 /* Bookz */ = {
			isa = PBXGroup;
			children = (
				08EC66601D5ADCB800AB5FB8 /* AppDelegate.swift */,
				08EC66621D5ADCB800AB5FB8 /* ViewController.swift */,
				08EC66641D5ADCB800AB5FB8 /* Main.storyboard */,
				08EC66671D5ADCB800AB5FB8 /* Assets.xcassets */,
				08EC66691D5ADCB900AB5FB8 /* LaunchScreen.storyboard */,
				08EC666C1D5ADCB900AB5FB8 /* Info.plist */,
				08F0535D1D5C38CA003BB6A7 /* Buku.swift */,
				08F0535F1D5C3B21003BB6A7 /* BookTableViewCell.swift */,
				088F1AC91D5D31E900934695 /* BookTableViewController.swift */,
			);
			path = Bookz;
			sourceTree = "<group>";
		};
		E26FA812B1C2AA5953864AD6 /* Frameworks */ = {
			isa = PBXGroup;
			children = (
				5546D6490C68914B586546F5 /* Pods_Bookz.framework */,
			);
			name = Frameworks;
			sourceTree = "<group>";
		};
		F54F4829D7D9CBE9DA0126AD /* Pods */ = {
			isa = PBXGroup;
			children = (
				F47619823D12CA64AB007B82 /* Pods-Bookz.debug.xcconfig */,
				B68EAEDE097E16BB0D1CF315 /* Pods-Bookz.release.xcconfig */,
			);
			name = Pods;
			sourceTree = "<group>";
		};
/* End PBXGroup section */

/* Begin PBXNativeTarget section */
		08EC665C1D5ADCB800AB5FB8 /* Bookz */ = {
			isa = PBXNativeTarget;
			buildConfigurationList = 08EC666F1D5ADCB900AB5FB8 /* Build configuration list for PBXNativeTarget "Bookz" */;
			buildPhases = (
				64DC59E6F553639F7FCF9B1A /* [CP] Check Pods Manifest.lock */,
				08EC66591D5ADCB800AB5FB8 /* Sources */,
				08EC665A1D5ADCB800AB5FB8 /* Frameworks */,
				08EC665B1D5ADCB800AB5FB8 /* Resources */,
				3A18DEC3122D1699484E4504 /* [CP] Embed Pods Frameworks */,
				D36FB340BDC3E0AADAF68D66 /* [CP] Copy Pods Resources */,
			);
			buildRules = (
			);
			dependencies = (
			);
			name = Bookz;
			productName = Bookz;
			productReference = 08EC665D1D5ADCB800AB5FB8 /* Bookz.app */;
			productType = "com.apple.product-type.application";
		};
/* End PBXNativeTarget section */

/* Begin PBXProject section */
		08EC66551D5ADCB800AB5FB8 /* Project object */ = {
			isa = PBXProject;
			attributes = {
				LastSwiftUpdateCheck = 0730;
				LastUpgradeCheck = 0730;
				ORGANIZATIONNAME = "Divisi CodeLabs";
				TargetAttributes = {
					08EC665C1D5ADCB800AB5FB8 = {
						CreatedOnToolsVersion = 7.3.1;
						DevelopmentTeam = 77C5V7A2G9;
					};
				};
			};
			buildConfigurationList = 08EC66581D5ADCB800AB5FB8 /* Build configuration list for PBXProject "Bookz" */;
			compatibilityVersion = "Xcode 3.2";
			developmentRegion = English;
			hasScannedForEncodings = 0;
			knownRegions = (
				en,
				Base,
			);
			mainGroup = 08EC66541D5ADCB800AB5FB8;
			productRefGroup = 08EC665E1D5ADCB800AB5FB8 /* Products */;
			projectDirPath = "";
			projectRoot = "";
			targets = (
				08EC665C1D5ADCB800AB5FB8 /* Bookz */,
			);
		};
/* End PBXProject section */

/* Begin PBXResourcesBuildPhase section */
		08EC665B1D5ADCB800AB5FB8 /* Resources */ = {
			isa = PBXResourcesBuildPhase;
			buildActionMask = 2147483647;
			files = (
				08EC666B1D5ADCB900AB5FB8 /* LaunchScreen.storyboard in Resources */,
				08EC66681D5ADCB800AB5FB8 /* Assets.xcassets in Resources */,
				08EC66661D5ADCB800AB5FB8 /* Main.storyboard in Resources */,
			);
			runOnlyForDeploymentPostprocessing = 0;
		};
/* End PBXResourcesBuildPhase section */

/* Begin PBXShellScriptBuildPhase section */
		3A18DEC3122D1699484E4504 /* [CP] Embed Pods Frameworks */ = {
			isa = PBXShellScriptBuildPhase;
			buildActionMask = 2147483647;
			files = (
			);
			inputPaths = (
			);
			name = "[CP] Embed Pods Frameworks";
			outputPaths = (
			);
			runOnlyForDeploymentPostprocessing = 0;
			shellPath = /bin/sh;
			shellScript = "\"${SRCROOT}/Pods/Target Support Files/Pods-Bookz/Pods-Bookz-frameworks.sh\"\n";
			showEnvVarsInLog = 0;
		};
		64DC59E6F553639F7FCF9B1A /* [CP] Check Pods Manifest.lock */ = {
			isa = PBXShellScriptBuildPhase;
			buildActionMask = 2147483647;
			files = (
			);
			inputPaths = (
			);
			name = "[CP] Check Pods Manifest.lock";
			outputPaths = (
			);
			runOnlyForDeploymentPostprocessing = 0;
			shellPath = /bin/sh;
			shellScript = "diff \"${PODS_ROOT}/../Podfile.lock\" \"${PODS_ROOT}/Manifest.lock\" > /dev/null\nif [[ $? != 0 ]] ; then\n    cat << EOM\nerror: The sandbox is not in sync with the Podfile.lock. Run 'pod install' or update your CocoaPods installation.\nEOM\n    exit 1\nfi\n";
			showEnvVarsInLog = 0;
		};
		D36FB340BDC3E0AADAF68D66 /* [CP] Copy Pods Resources */ = {
			isa = PBXShellScriptBuildPhase;
			buildActionMask = 2147483647;
			files = (
			);
			inputPaths = (
			);
			name = "[CP] Copy Pods Resources";
			outputPaths = (
			);
			runOnlyForDeploymentPostprocessing = 0;
			shellPath = /bin/sh;
			shellScript = "\"${SRCROOT}/Pods/Target Support Files/Pods-Bookz/Pods-Bookz-resources.sh\"\n";
			showEnvVarsInLog = 0;
		};
/* End PBXShellScriptBuildPhase section */

/* Begin PBXSourcesBuildPhase section */
		08EC66591D5ADCB800AB5FB8 /* Sources */ = {
			isa = PBXSourcesBuildPhase;
			buildActionMask = 2147483647;
			files = (
				088F1ACA1D5D31E900934695 /* BookTableViewController.swift in Sources */,
				08F053601D5C3B21003BB6A7 /* BookTableViewCell.swift in Sources */,
				08F0535E1D5C38CA003BB6A7 /* Buku.swift in Sources */,
				08EC66631D5ADCB800AB5FB8 /* ViewController.swift in Sources */,
				08EC66611D5ADCB800AB5FB8 /* AppDelegate.swift in Sources */,
			);
			runOnlyForDeploymentPostprocessing = 0;
		};
/* End PBXSourcesBuildPhase section */

/* Begin PBXVariantGroup section */
		08EC66641D5ADCB800AB5FB8 /* Main.storyboard */ = {
			isa = PBXVariantGroup;
			children = (
				08EC66651D5ADCB800AB5FB8 /* Base */,
			);
			name = Main.storyboard;
			sourceTree = "<group>";
		};
		08EC66691D5ADCB900AB5FB8 /* LaunchScreen.storyboard */ = {
			isa = PBXVariantGroup;
			children = (
				08EC666A1D5ADCB900AB5FB8 /* Base */,
			);
			name = LaunchScreen.storyboard;
			sourceTree = "<group>";
		};
/* End PBXVariantGroup section */

/* Begin XCBuildConfiguration section */
		08EC666D1D5ADCB900AB5FB8 /* Debug */ = {
			isa = XCBuildConfiguration;
			buildSettings = {
				ALWAYS_SEARCH_USER_PATHS = NO;
				CLANG_ANALYZER_NONNULL = YES;
				CLANG_CXX_LANGUAGE_STANDARD = "gnu++0x";
				CLANG_CXX_LIBRARY = "libc++";
				CLANG_ENABLE_MODULES = YES;
				CLANG_ENABLE_OBJC_ARC = YES;
				CLANG_WARN_BOOL_CONVERSION = YES;
				CLANG_WARN_CONSTANT_CONVERSION = YES;
				CLANG_WARN_DIRECT_OBJC_ISA_USAGE = YES_ERROR;
				CLANG_WARN_EMPTY_BODY = YES;
				CLANG_WARN_ENUM_CONVERSION = YES;
				CLANG_WARN_INT_CONVERSION = YES;
				CLANG_WARN_OBJC_ROOT_CLASS = YES_ERROR;
				CLANG_WARN_UNREACHABLE_CODE = YES;
				CLANG_WARN__DUPLICATE_METHOD_MATCH = YES;
				"CODE_SIGN_IDENTITY[sdk=iphoneos*]" = "iPhone Developer";
				COPY_PHASE_STRIP = NO;
				DEBUG_INFORMATION_FORMAT = dwarf;
				ENABLE_STRICT_OBJC_MSGSEND = YES;
				ENABLE_TESTABILITY = YES;
				GCC_C_LANGUAGE_STANDARD = gnu99;
				GCC_DYNAMIC_NO_PIC = NO;
				GCC_NO_COMMON_BLOCKS = YES;
				GCC_OPTIMIZATION_LEVEL = 0;
				GCC_PREPROCESSOR_DEFINITIONS = (
					"DEBUG=1",
					"$(inherited)",
				);
				GCC_WARN_64_TO_32_BIT_CONVERSION = YES;
				GCC_WARN_ABOUT_RETURN_TYPE = YES_ERROR;
				GCC_WARN_UNDECLARED_SELECTOR = YES;
				GCC_WARN_UNINITIALIZED_AUTOS = YES_AGGRESSIVE;
				GCC_WARN_UNUSED_FUNCTION = YES;
				GCC_WARN_UNUSED_VARIABLE = YES;
				IPHONEOS_DEPLOYMENT_TARGET = 9.3;
				MTL_ENABLE_DEBUG_INFO = YES;
				ONLY_ACTIVE_ARCH = YES;
				SDKROOT = iphoneos;
				SWIFT_OPTIMIZATION_LEVEL = "-Onone";
			};
			name = Debug;
		};
		08EC666E1D5ADCB900AB5FB8 /* Release */ = {
			isa = XCBuildConfiguration;
			buildSettings = {
				ALWAYS_SEARCH_USER_PATHS = NO;
				CLANG_ANALYZER_NONNULL = YES;
				CLANG_CXX_LANGUAGE_STANDARD = "gnu++0x";
				CLANG_CXX_LIBRARY = "libc++";
				CLANG_ENABLE_MODULES = YES;
				CLANG_ENABLE_OBJC_ARC = YES;
				CLANG_WARN_BOOL_CONVERSION = YES;
				CLANG_WARN_CONSTANT_CONVERSION = YES;
				CLANG_WARN_DIRECT_OBJC_ISA_USAGE = YES_ERROR;
				CLANG_WARN_EMPTY_BODY = YES;
				CLANG_WARN_ENUM_CONVERSION = YES;
				CLANG_WARN_INT_CONVERSION = YES;
				CLANG_WARN_OBJC_ROOT_CLASS = YES_ERROR;
				CLANG_WARN_UNREACHABLE_CODE = YES;
				CLANG_WARN__DUPLICATE_METHOD_MATCH = YES;
				"CODE_SIGN_IDENTITY[sdk=iphoneos*]" = "iPhone Developer";
				COPY_PHASE_STRIP = NO;
				DEBUG_INFORMATION_FORMAT = "dwarf-with-dsym";
				ENABLE_NS_ASSERTIONS = NO;
				ENABLE_STRICT_OBJC_MSGSEND = YES;
				GCC_C_LANGUAGE_STANDARD = gnu99;
				GCC_NO_COMMON_BLOCKS = YES;
				GCC_WARN_64_TO_32_BIT_CONVERSION = YES;
				GCC_WARN_ABOUT_RETURN_TYPE = YES_ERROR;
				GCC_WARN_UNDECLARED_SELECTOR = YES;
				GCC_WARN_UNINITIALIZED_AUTOS = YES_AGGRESSIVE;
				GCC_WARN_UNUSED_FUNCTION = YES;
				GCC_WARN_UNUSED_VARIABLE = YES;
				IPHONEOS_DEPLOYMENT_TARGET = 9.3;
				MTL_ENABLE_DEBUG_INFO = NO;
				SDKROOT = iphoneos;
				VALIDATE_PRODUCT = YES;
			};
			name = Release;
		};
		08EC66701D5ADCB900AB5FB8 /* Debug */ = {
			isa = XCBuildConfiguration;
			baseConfigurationReference = F47619823D12CA64AB007B82 /* Pods-Bookz.debug.xcconfig */;
			buildSettings = {
				ASSETCATALOG_COMPILER_APPICON_NAME = AppIcon;
				INFOPLIST_FILE = Bookz/Info.plist;
				LD_RUNPATH_SEARCH_PATHS = "$(inherited) @executable_path/Frameworks";
				PRODUCT_BUNDLE_IDENTIFIER = com.CodeLabs.Bookz;
				PRODUCT_NAME = "$(TARGET_NAME)";
			};
			name = Debug;
		};
		08EC66711D5ADCB900AB5FB8 /* Release */ = {
			isa = XCBuildConfiguration;
			baseConfigurationReference = B68EAEDE097E16BB0D1CF315 /* Pods-Bookz.release.xcconfig */;
			buildSettings = {
				ASSETCATALOG_COMPILER_APPICON_NAME = AppIcon;
				INFOPLIST_FILE = Bookz/Info.plist;
				LD_RUNPATH_SEARCH_PATHS = "$(inherited) @executable_path/Frameworks";
				PRODUCT_BUNDLE_IDENTIFIER = com.CodeLabs.Bookz;
				PRODUCT_NAME = "$(TARGET_NAME)";
			};
			name = Release;
		};
/* End XCBuildConfiguration section */

/* Begin XCConfigurationList section */
		08EC66581D5ADCB800AB5FB8 /* Build configuration list for PBXProject "Bookz" */ = {
			isa = XCConfigurationList;
			buildConfigurations = (
				08EC666D1D5ADCB900AB5FB8 /* Debug */,
				08EC666E1D5ADCB900AB5FB8 /* Release */,
			);
			defaultConfigurationIsVisible = 0;
			defaultConfigurationName = Release;
		};
		08EC666F1D5ADCB900AB5FB8 /* Build configuration list for PBXNativeTarget "Bookz" */ = {
			isa = XCConfigurationList;
			buildConfigurations = (
				08EC66701D5ADCB900AB5FB8 /* Debug */,
				08EC66711D5ADCB900AB5FB8 /* Release */,
			);
			defaultConfigurationIsVisible = 0;
			defaultConfigurationName = Release;
		};
/* End XCConfigurationList section */
	};
	rootObject = 08EC66551D5ADCB800AB5FB8 /* Project object */;
}
